
Microsoft Visual Studio Solution File, Format Version 12.00
# Visual Studio Version 16
VisualStudioVersion = 16.0.30225.117
MinimumVisualStudioVersion = 10.0.40219.1
Project("{FAE04EC0-301F-11D3-BF4B-00C04F79EFBC}") = "proekt2", "proekt2\proekt2.csproj", "{101AE221-96E7-4FCB-83DB-39EE07BCC9F4}"
EndProject
Global
	GlobalSection(SolutionConfigurationPlatforms) = preSolution
		Debug|Any CPU = Debug|Any CPU
		Release|Any CPU = Release|Any CPU
	EndGlobalSection
	GlobalSection(ProjectConfigurationPlatforms) = postSolution
		{101AE221-96E7-4FCB-83DB-39EE07BCC9F4}.Debug|Any CPU.ActiveCfg = Debug|Any CPU
		{101AE221-96E7-4FCB-83DB-39EE07BCC9F4}.Debug|Any CPU.Build.0 = Debug|Any CPU
		{101AE221-96E7-4FCB-83DB-39EE07BCC9F4}.Release|Any CPU.ActiveCfg = Release|Any CPU
		{101AE221-96E7-4FCB-83DB-39EE07BCC9F4}.Release|Any CPU.Build.0 = Release|Any CPU
	EndGlobalSection
	GlobalSection(SolutionProperties) = preSolution
		HideSolutionNode = FALSE
	EndGlobalSection
	GlobalSection(ExtensibilityGlobals) = postSolution
		SolutionGuid = {2D93CFD6-D516-4CE8-9D37-7B2E4952CCD6}
	EndGlobalSection
EndGlobal
